
Microsoft Visual Studio Solution File, Format Version 12.00
# Visual Studio Version 16
VisualStudioVersion = 16.0.28803.156
MinimumVisualStudioVersion = 10.0.40219.1
Project("{FAE04EC0-301F-11D3-BF4B-00C04F79EFBC}") = "Console-chess", "Console-chess\Console-chess.csproj", "{8883B6AA-10A6-40E4-B6F0-0994E7952772}"
EndProject
Global
	GlobalSection(SolutionConfigurationPlatforms) = preSolution
		Debug|Any CPU = Debug|Any CPU
		Release|Any CPU = Release|Any CPU
	EndGlobalSection
	GlobalSection(ProjectConfigurationPlatforms) = postSolution
		{8883B6AA-10A6-40E4-B6F0-0994E7952772}.Debug|Any CPU.ActiveCfg = Debug|Any CPU
		{8883B6AA-10A6-40E4-B6F0-0994E7952772}.Debug|Any CPU.Build.0 = Debug|Any CPU
		{8883B6AA-10A6-40E4-B6F0-0994E7952772}.Release|Any CPU.ActiveCfg = Release|Any CPU
		{8883B6AA-10A6-40E4-B6F0-0994E7952772}.Release|Any CPU.Build.0 = Release|Any CPU
	EndGlobalSection
	GlobalSection(SolutionProperties) = preSolution
		HideSolutionNode = FALSE
	EndGlobalSection
	GlobalSection(ExtensibilityGlobals) = postSolution
		SolutionGuid = {2558913A-E1DF-4F47-85D4-45316E634CAC}
	EndGlobalSection
EndGlobal
